
Microsoft Visual Studio Solution File, Format Version 12.00
# Visual Studio Version 16
VisualStudioVersion = 16.0.30611.23
MinimumVisualStudioVersion = 10.0.40219.1
Project("{FAE04EC0-301F-11D3-BF4B-00C04F79EFBC}") = "SharpLDAPSearch", "SharpLDAPSearch\SharpLDAPSearch.csproj", "{508877E3-251F-4FA3-B7C7-F3134BD46D45}"
EndProject
Global
	GlobalSection(SolutionConfigurationPlatforms) = preSolution
		Debug|Any CPU = Debug|Any CPU
		Release|Any CPU = Release|Any CPU
	EndGlobalSection
	GlobalSection(ProjectConfigurationPlatforms) = postSolution
		{508877E3-251F-4FA3-B7C7-F3134BD46D45}.Debug|Any CPU.ActiveCfg = Debug|Any CPU
		{508877E3-251F-4FA3-B7C7-F3134BD46D45}.Debug|Any CPU.Build.0 = Debug|Any CPU
		{508877E3-251F-4FA3-B7C7-F3134BD46D45}.Release|Any CPU.ActiveCfg = Release|Any CPU
		{508877E3-251F-4FA3-B7C7-F3134BD46D45}.Release|Any CPU.Build.0 = Release|Any CPU
	EndGlobalSection
	GlobalSection(SolutionProperties) = preSolution
		HideSolutionNode = FALSE
	EndGlobalSection
	GlobalSection(ExtensibilityGlobals) = postSolution
		SolutionGuid = {ADCAA56D-4617-4C93-980D-BEBF9BAAF400}
	EndGlobalSection
EndGlobal
